
Microsoft Visual Studio Solution File, Format Version 12.00
# Visual Studio 15
VisualStudioVersion = 15.0.28307.329
MinimumVisualStudioVersion = 10.0.40219.1
Project("{FAE04EC0-301F-11D3-BF4B-00C04F79EFBC}") = "WebApp", "WebApp\WebApp.csproj", "{0B717ED6-E391-4091-B17C-E073E4B066B3}"
EndProject
Global
	GlobalSection(SolutionConfigurationPlatforms) = preSolution
		Debug|Any CPU = Debug|Any CPU
		Release|Any CPU = Release|Any CPU
	EndGlobalSection
	GlobalSection(ProjectConfigurationPlatforms) = postSolution
		{0B717ED6-E391-4091-B17C-E073E4B066B3}.Debug|Any CPU.ActiveCfg = Debug|Any CPU
		{0B717ED6-E391-4091-B17C-E073E4B066B3}.Debug|Any CPU.Build.0 = Debug|Any CPU
		{0B717ED6-E391-4091-B17C-E073E4B066B3}.Release|Any CPU.ActiveCfg = Release|Any CPU
		{0B717ED6-E391-4091-B17C-E073E4B066B3}.Release|Any CPU.Build.0 = Release|Any CPU
	EndGlobalSection
	GlobalSection(SolutionProperties) = preSolution
		HideSolutionNode = FALSE
	EndGlobalSection
	GlobalSection(ExtensibilityGlobals) = postSolution
		SolutionGuid = {D3B8CDA9-9E9F-49A2-9743-09DC421D99F6}
	EndGlobalSection
EndGlobal
